
Microsoft Visual Studio Solution File, Format Version 12.00
# Visual Studio 14
VisualStudioVersion = 14.0.23107.0
MinimumVisualStudioVersion = 10.0.40219.1
Project("{8BC9CEB8-8B4A-11D0-8D11-00A0C91BC942}") = "libGroundfloor", "libGroundfloor\libGroundfloor.vcxproj", "{F89D21F9-9D15-4590-AA71-F6D7C275C5E7}"
EndProject
Project("{8BC9CEB8-8B4A-11D0-8D11-00A0C91BC942}") = "libJumpropes", "libJumpropes\libJumpropes.vcxproj", "{39323C92-DDE4-40AC-905C-22E3C4F7868D}"
	ProjectSection(ProjectDependencies) = postProject
		{F89D21F9-9D15-4590-AA71-F6D7C275C5E7} = {F89D21F9-9D15-4590-AA71-F6D7C275C5E7}
	EndProjectSection
EndProject
Project("{8BC9CEB8-8B4A-11D0-8D11-00A0C91BC942}") = "libJumpknots", "libJumpknots\libJumpknots.vcxproj", "{7DAC2C73-E7F1-415C-B98B-1C57217CA9ED}"
	ProjectSection(ProjectDependencies) = postProject
		{39323C92-DDE4-40AC-905C-22E3C4F7868D} = {39323C92-DDE4-40AC-905C-22E3C4F7868D}
		{F89D21F9-9D15-4590-AA71-F6D7C275C5E7} = {F89D21F9-9D15-4590-AA71-F6D7C275C5E7}
	EndProjectSection
EndProject
Project("{8BC9CEB8-8B4A-11D0-8D11-00A0C91BC942}") = "libMySQLBooks", "libMySQLBooks\libMySQLBooks.vcxproj", "{E165B047-8B84-48C6-88B1-16E6CF91A9E8}"
	ProjectSection(ProjectDependencies) = postProject
		{F89D21F9-9D15-4590-AA71-F6D7C275C5E7} = {F89D21F9-9D15-4590-AA71-F6D7C275C5E7}
	EndProjectSection
EndProject
Project("{8BC9CEB8-8B4A-11D0-8D11-00A0C91BC942}") = "libChalkboard", "libChalkboard\libChalkboard.vcxproj", "{7A99161B-8A59-40F9-8E14-88B97D6023D8}"
EndProject
Global
	GlobalSection(SolutionConfigurationPlatforms) = preSolution
		Debug|x64 = Debug|x64
		Debug|x86 = Debug|x86
		Release|x64 = Release|x64
		Release|x86 = Release|x86
	EndGlobalSection
	GlobalSection(ProjectConfigurationPlatforms) = postSolution
		{F89D21F9-9D15-4590-AA71-F6D7C275C5E7}.Debug|x64.ActiveCfg = Debug|Win32
		{F89D21F9-9D15-4590-AA71-F6D7C275C5E7}.Debug|x86.ActiveCfg = Debug|Win32
		{F89D21F9-9D15-4590-AA71-F6D7C275C5E7}.Debug|x86.Build.0 = Debug|Win32
		{F89D21F9-9D15-4590-AA71-F6D7C275C5E7}.Release|x64.ActiveCfg = Release|Win32
		{F89D21F9-9D15-4590-AA71-F6D7C275C5E7}.Release|x86.ActiveCfg = Release|Win32
		{F89D21F9-9D15-4590-AA71-F6D7C275C5E7}.Release|x86.Build.0 = Release|Win32
		{39323C92-DDE4-40AC-905C-22E3C4F7868D}.Debug|x64.ActiveCfg = Debug|Win32
		{39323C92-DDE4-40AC-905C-22E3C4F7868D}.Debug|x86.ActiveCfg = Debug|Win32
		{39323C92-DDE4-40AC-905C-22E3C4F7868D}.Debug|x86.Build.0 = Debug|Win32
		{39323C92-DDE4-40AC-905C-22E3C4F7868D}.Release|x64.ActiveCfg = Release|Win32
		{39323C92-DDE4-40AC-905C-22E3C4F7868D}.Release|x86.ActiveCfg = Release|Win32
		{39323C92-DDE4-40AC-905C-22E3C4F7868D}.Release|x86.Build.0 = Release|Win32
		{7DAC2C73-E7F1-415C-B98B-1C57217CA9ED}.Debug|x64.ActiveCfg = Debug|Win32
		{7DAC2C73-E7F1-415C-B98B-1C57217CA9ED}.Debug|x86.ActiveCfg = Debug|Win32
		{7DAC2C73-E7F1-415C-B98B-1C57217CA9ED}.Debug|x86.Build.0 = Debug|Win32
		{7DAC2C73-E7F1-415C-B98B-1C57217CA9ED}.Release|x64.ActiveCfg = Release|Win32
		{7DAC2C73-E7F1-415C-B98B-1C57217CA9ED}.Release|x86.ActiveCfg = Release|Win32
		{7DAC2C73-E7F1-415C-B98B-1C57217CA9ED}.Release|x86.Build.0 = Release|Win32
		{E165B047-8B84-48C6-88B1-16E6CF91A9E8}.Debug|x64.ActiveCfg = Debug|Win32
		{E165B047-8B84-48C6-88B1-16E6CF91A9E8}.Debug|x86.ActiveCfg = Debug|Win32
		{E165B047-8B84-48C6-88B1-16E6CF91A9E8}.Debug|x86.Build.0 = Debug|Win32
		{E165B047-8B84-48C6-88B1-16E6CF91A9E8}.Release|x64.ActiveCfg = Release|Win32
		{E165B047-8B84-48C6-88B1-16E6CF91A9E8}.Release|x86.ActiveCfg = Release|Win32
		{E165B047-8B84-48C6-88B1-16E6CF91A9E8}.Release|x86.Build.0 = Release|Win32
		{7A99161B-8A59-40F9-8E14-88B97D6023D8}.Debug|x64.ActiveCfg = Debug|Win32
		{7A99161B-8A59-40F9-8E14-88B97D6023D8}.Debug|x86.ActiveCfg = Debug|Win32
		{7A99161B-8A59-40F9-8E14-88B97D6023D8}.Debug|x86.Build.0 = Debug|Win32
		{7A99161B-8A59-40F9-8E14-88B97D6023D8}.Release|x64.ActiveCfg = Release|Win32
		{7A99161B-8A59-40F9-8E14-88B97D6023D8}.Release|x86.ActiveCfg = Release|Win32
		{7A99161B-8A59-40F9-8E14-88B97D6023D8}.Release|x86.Build.0 = Release|Win32
	EndGlobalSection
	GlobalSection(SolutionProperties) = preSolution
		HideSolutionNode = FALSE
	EndGlobalSection
EndGlobal
