<?xml version="1.0" encoding="utf-8"?>
<Project ToolsVersion="4.0" xmlns="http://schemas.microsoft.com/developer/msbuild/2003">
  <ItemGroup>
    <Filter Include="Resource Files">
      <UniqueIdentifier>{67DA6AB6-F800-4c08-8B7A-83BB121AAD01}</UniqueIdentifier>
      <Extensions>rc;ico;cur;bmp;dlg;rc2;rct;bin;rgs;gif;jpg;jpeg;jpe;resx;tiff;tif;png;wav;mfcribbon-ms</Extensions>
    </Filter>
    <Filter Include="Atoms">
      <UniqueIdentifier>{f6b61acd-c2a5-480c-83f0-30b9d0e8976c}</UniqueIdentifier>
    </Filter>
    <Filter Include="Atoms\Header Files">
      <UniqueIdentifier>{93995380-89BD-4b04-88EB-625FBE52EBFB}</UniqueIdentifier>
      <Extensions>h;hpp;hxx;hm;inl;inc;xsd</Extensions>
    </Filter>
    <Filter Include="Atoms\Source Files">
      <UniqueIdentifier>{cf2879f9-251d-426d-b7e2-71eff72e5561}</UniqueIdentifier>
    </Filter>
    <Filter Include="Molecules">
      <UniqueIdentifier>{24842343-877c-4a6f-b190-0e77c6d5b427}</UniqueIdentifier>
    </Filter>
    <Filter Include="Molecules\Header Files">
      <UniqueIdentifier>{c1a0db76-f7e4-4808-b65a-8b970191ce95}</UniqueIdentifier>
    </Filter>
    <Filter Include="Molecules\Source Files">
      <UniqueIdentifier>{052612b5-4810-480b-ad71-2701cfb520d8}</UniqueIdentifier>
    </Filter>
    <Filter Include="Materials">
      <UniqueIdentifier>{ffe9c3ab-22fb-4bd2-bee0-af516bad7c80}</UniqueIdentifier>
    </Filter>
    <Filter Include="Materials\Header Files">
      <UniqueIdentifier>{812f31da-81db-4921-8f27-60976d99bc61}</UniqueIdentifier>
    </Filter>
    <Filter Include="Materials\Source Files">
      <UniqueIdentifier>{8b07c0ee-aab7-4e32-9ec4-1d408d794d0e}</UniqueIdentifier>
    </Filter>
    <Filter Include="Bookshelfs">
      <UniqueIdentifier>{aeadb3c6-49b3-4663-ac3a-bbb08cad2472}</UniqueIdentifier>
    </Filter>
    <Filter Include="Bookshelfs\Header Files">
      <UniqueIdentifier>{b733151a-2b3e-4ea7-a240-f6f0ad8804f1}</UniqueIdentifier>
    </Filter>
    <Filter Include="Bookshelfs\Source Files">
      <UniqueIdentifier>{09dd3ee6-f607-4f51-9699-f4e70238319b}</UniqueIdentifier>
    </Filter>
  </ItemGroup>
  <ItemGroup>
    <ClCompile Include="Atoms\Freeable.cpp">
      <Filter>Atoms\Source Files</Filter>
    </ClCompile>
    <ClCompile Include="Atoms\Callable.cpp">
      <Filter>Atoms\Source Files</Filter>
    </ClCompile>
    <ClCompile Include="Atoms\Initialize.cpp">
      <Filter>Atoms\Source Files</Filter>
    </ClCompile>
    <ClCompile Include="Atoms\Lockable.cpp">
      <Filter>Atoms\Source Files</Filter>
    </ClCompile>
    <ClCompile Include="Atoms\MemFuncs.cpp">
      <Filter>Atoms\Source Files</Filter>
    </ClCompile>
    <ClCompile Include="Molecules\BaseCommunicator.cpp">
      <Filter>Molecules\Source Files</Filter>
    </ClCompile>
    <ClCompile Include="Molecules\Callbacks.cpp">
      <Filter>Molecules\Source Files</Filter>
    </ClCompile>
    <ClCompile Include="Molecules\Property.cpp">
      <Filter>Molecules\Source Files</Filter>
    </ClCompile>
    <ClCompile Include="Molecules\String.cpp">
      <Filter>Molecules\Source Files</Filter>
    </ClCompile>
    <ClCompile Include="Molecules\StringVector.cpp">
      <Filter>Molecules\Source Files</Filter>
    </ClCompile>
    <ClCompile Include="Molecules\Vector.cpp">
      <Filter>Molecules\Source Files</Filter>
    </ClCompile>
    <ClCompile Include="Materials\CallbackThread.cpp">
      <Filter>Materials\Source Files</Filter>
    </ClCompile>
    <ClCompile Include="Materials\CsvSettings.cpp">
      <Filter>Materials\Source Files</Filter>
    </ClCompile>
    <ClCompile Include="Materials\Directory.cpp">
      <Filter>Materials\Source Files</Filter>
    </ClCompile>
    <ClCompile Include="Materials\FifoVector.cpp">
      <Filter>Materials\Source Files</Filter>
    </ClCompile>
    <ClCompile Include="Materials\FileCommunicator.cpp">
      <Filter>Materials\Source Files</Filter>
    </ClCompile>
    <ClCompile Include="Materials\FileWriter.cpp">
      <Filter>Materials\Source Files</Filter>
    </ClCompile>
    <ClCompile Include="Materials\Functions.cpp">
      <Filter>Materials\Source Files</Filter>
    </ClCompile>
    <ClCompile Include="Materials\GarbageCollector.cpp">
      <Filter>Materials\Source Files</Filter>
    </ClCompile>
    <ClCompile Include="Materials\Logger.cpp">
      <Filter>Materials\Source Files</Filter>
    </ClCompile>
    <ClCompile Include="Materials\Resources.cpp">
      <Filter>Materials\Source Files</Filter>
    </ClCompile>
    <ClCompile Include="Materials\StringLookup.cpp">
      <Filter>Materials\Source Files</Filter>
    </ClCompile>
    <ClCompile Include="Materials\Thread.cpp">
      <Filter>Materials\Source Files</Filter>
    </ClCompile>
    <ClCompile Include="Materials\ThreadedBuffer.cpp">
      <Filter>Materials\Source Files</Filter>
    </ClCompile>
    <ClCompile Include="Bookshelfs\RemoteSquirrel.cpp">
      <Filter>Bookshelfs\Source Files</Filter>
    </ClCompile>
    <ClCompile Include="Bookshelfs\BAttribute.cpp">
      <Filter>Bookshelfs\Source Files</Filter>
    </ClCompile>
    <ClCompile Include="Bookshelfs\BField.cpp">
      <Filter>Bookshelfs\Source Files</Filter>
    </ClCompile>
    <ClCompile Include="Bookshelfs\BFields.cpp">
      <Filter>Bookshelfs\Source Files</Filter>
    </ClCompile>
    <ClCompile Include="Bookshelfs\BFunctions.cpp">
      <Filter>Bookshelfs\Source Files</Filter>
    </ClCompile>
    <ClCompile Include="Bookshelfs\BNode.cpp">
      <Filter>Bookshelfs\Source Files</Filter>
    </ClCompile>
    <ClCompile Include="Bookshelfs\BRecord.cpp">
      <Filter>Bookshelfs\Source Files</Filter>
    </ClCompile>
    <ClCompile Include="Bookshelfs\BRecords.cpp">
      <Filter>Bookshelfs\Source Files</Filter>
    </ClCompile>
    <ClCompile Include="Bookshelfs\BTable.cpp">
      <Filter>Bookshelfs\Source Files</Filter>
    </ClCompile>
    <ClCompile Include="Bookshelfs\BValue.cpp">
      <Filter>Bookshelfs\Source Files</Filter>
    </ClCompile>
  </ItemGroup>
  <ItemGroup>
    <ClInclude Include="Atoms\Freeable.h">
      <Filter>Atoms\Header Files</Filter>
    </ClInclude>
    <ClInclude Include="Atoms\Initialize.h">
      <Filter>Atoms\Header Files</Filter>
    </ClInclude>
    <ClInclude Include="Atoms\Lockable.h">
      <Filter>Atoms\Header Files</Filter>
    </ClInclude>
    <ClInclude Include="Atoms\Defines.h">
      <Filter>Atoms\Header Files</Filter>
    </ClInclude>
    <ClInclude Include="Atoms\Callable.h">
      <Filter>Atoms\Header Files</Filter>
    </ClInclude>
    <ClInclude Include="Atoms\MemFuncs.h">
      <Filter>Atoms\Header Files</Filter>
    </ClInclude>
    <ClInclude Include="Molecules\BaseCommunicator.h">
      <Filter>Molecules\Header Files</Filter>
    </ClInclude>
    <ClInclude Include="Molecules\Callbacks.h">
      <Filter>Molecules\Header Files</Filter>
    </ClInclude>
    <ClInclude Include="Molecules\Property.h">
      <Filter>Molecules\Header Files</Filter>
    </ClInclude>
    <ClInclude Include="Molecules\StringVector.h">
      <Filter>Molecules\Header Files</Filter>
    </ClInclude>
    <ClInclude Include="Molecules\String.h">
      <Filter>Molecules\Header Files</Filter>
    </ClInclude>
    <ClInclude Include="Molecules\Vector.h">
      <Filter>Molecules\Header Files</Filter>
    </ClInclude>
    <ClInclude Include="Materials\CallbackThread.h">
      <Filter>Materials\Header Files</Filter>
    </ClInclude>
    <ClInclude Include="Materials\CsvSettings.h">
      <Filter>Materials\Header Files</Filter>
    </ClInclude>
    <ClInclude Include="Materials\Directory.h">
      <Filter>Materials\Header Files</Filter>
    </ClInclude>
    <ClInclude Include="Materials\FifoVector.h">
      <Filter>Materials\Header Files</Filter>
    </ClInclude>
    <ClInclude Include="Materials\FileWriter.h">
      <Filter>Materials\Header Files</Filter>
    </ClInclude>
    <ClInclude Include="Materials\FileCommunicator.h">
      <Filter>Materials\Header Files</Filter>
    </ClInclude>
    <ClInclude Include="Materials\Functions.h">
      <Filter>Materials\Header Files</Filter>
    </ClInclude>
    <ClInclude Include="Materials\GarbageCollector.h">
      <Filter>Materials\Header Files</Filter>
    </ClInclude>
    <ClInclude Include="Materials\Logger.h">
      <Filter>Materials\Header Files</Filter>
    </ClInclude>
    <ClInclude Include="Materials\Resources.h">
      <Filter>Materials\Header Files</Filter>
    </ClInclude>
    <ClInclude Include="Materials\StringLookup.h">
      <Filter>Materials\Header Files</Filter>
    </ClInclude>
    <ClInclude Include="Materials\Thread.h">
      <Filter>Materials\Header Files</Filter>
    </ClInclude>
    <ClInclude Include="Materials\ThreadedBuffer.h">
      <Filter>Materials\Header Files</Filter>
    </ClInclude>
    <ClInclude Include="Bookshelfs\AbstractSquirrel.h">
      <Filter>Bookshelfs\Header Files</Filter>
    </ClInclude>
    <ClInclude Include="Bookshelfs\RemoteSquirrel.h">
      <Filter>Bookshelfs\Header Files</Filter>
    </ClInclude>
    <ClInclude Include="Bookshelfs\BAttribute.h">
      <Filter>Bookshelfs\Header Files</Filter>
    </ClInclude>
    <ClInclude Include="Bookshelfs\BField.h">
      <Filter>Bookshelfs\Header Files</Filter>
    </ClInclude>
    <ClInclude Include="Bookshelfs\BFields.h">
      <Filter>Bookshelfs\Header Files</Filter>
    </ClInclude>
    <ClInclude Include="Bookshelfs\BFunctions.h">
      <Filter>Bookshelfs\Header Files</Filter>
    </ClInclude>
    <ClInclude Include="Bookshelfs\BNode.h">
      <Filter>Bookshelfs\Header Files</Filter>
    </ClInclude>
    <ClInclude Include="Bookshelfs\BRecord.h">
      <Filter>Bookshelfs\Header Files</Filter>
    </ClInclude>
    <ClInclude Include="Bookshelfs\BRecords.h">
      <Filter>Bookshelfs\Header Files</Filter>
    </ClInclude>
    <ClInclude Include="Bookshelfs\BTable.h">
      <Filter>Bookshelfs\Header Files</Filter>
    </ClInclude>
    <ClInclude Include="Bookshelfs\BValue.h">
      <Filter>Bookshelfs\Header Files</Filter>
    </ClInclude>
  </ItemGroup>
</Project>