<?xml version="1.0" encoding="utf-8"?>
<Project ToolsVersion="4.0" xmlns="http://schemas.microsoft.com/developer/msbuild/2003">
  <ItemGroup>
    <Filter Include="Source Files">
      <UniqueIdentifier>{4FC737F1-C7A5-4376-A066-2A32D752A2FF}</UniqueIdentifier>
      <Extensions>cpp;c;cc;cxx;def;odl;idl;hpj;bat;asm;asmx</Extensions>
    </Filter>
    <Filter Include="Header Files">
      <UniqueIdentifier>{93995380-89BD-4b04-88EB-625FBE52EBFB}</UniqueIdentifier>
      <Extensions>h;hpp;hxx;hm;inl;inc;xsd</Extensions>
    </Filter>
    <Filter Include="Resource Files">
      <UniqueIdentifier>{67DA6AB6-F800-4c08-8B7A-83BB121AAD01}</UniqueIdentifier>
      <Extensions>rc;ico;cur;bmp;dlg;rc2;rct;bin;rgs;gif;jpg;jpeg;jpe;resx;tiff;tif;png;wav;mfcribbon-ms</Extensions>
    </Filter>
    <Filter Include="Cocoa">
      <UniqueIdentifier>{6d647ff9-0f53-44f4-b2b7-b67cca836403}</UniqueIdentifier>
    </Filter>
    <Filter Include="GTK">
      <UniqueIdentifier>{08ab55dc-f186-4bf0-bcb5-20f7ffac9262}</UniqueIdentifier>
    </Filter>
  </ItemGroup>
  <ItemGroup>
    <None Include="build.sh" />
    <None Include="libChalkboard.Doxyfile" />
    <None Include="devmake.sh" />
    <None Include="libChalkboard.cbp" />
    <None Include="Makefile.linux" />
    <None Include="Makefile.maclinux" />
    <None Include="readme.txt" />
    <None Include="devmake.bat" />
    <None Include="Cocoa\CocoaIntf.m">
      <Filter>Cocoa</Filter>
    </None>
  </ItemGroup>
  <ItemGroup>
    <ClCompile Include="CBApp.cpp">
      <Filter>Source Files</Filter>
    </ClCompile>
    <ClCompile Include="CBBase.cpp">
      <Filter>Source Files</Filter>
    </ClCompile>
    <ClCompile Include="CBControls.cpp">
      <Filter>Source Files</Filter>
    </ClCompile>
    <ClCompile Include="CBDriver.cpp">
      <Filter>Source Files</Filter>
    </ClCompile>
    <ClCompile Include="CBXMLInterface.cpp">
      <Filter>Source Files</Filter>
    </ClCompile>
    <ClCompile Include="Win32\CBDriverWin32.cpp">
      <Filter>Source Files</Filter>
    </ClCompile>
    <ClCompile Include="Cocoa\CBDriverCocoa.cpp">
      <Filter>Cocoa</Filter>
    </ClCompile>
    <ClCompile Include="GTK\CBDriverGTK.cpp">
      <Filter>GTK</Filter>
    </ClCompile>
  </ItemGroup>
  <ItemGroup>
    <ClInclude Include="CBApp.h">
      <Filter>Header Files</Filter>
    </ClInclude>
    <ClInclude Include="CBBase.h">
      <Filter>Header Files</Filter>
    </ClInclude>
    <ClInclude Include="CBControls.h">
      <Filter>Header Files</Filter>
    </ClInclude>
    <ClInclude Include="CBDriver.h">
      <Filter>Header Files</Filter>
    </ClInclude>
    <ClInclude Include="CBXMLInterface.h">
      <Filter>Header Files</Filter>
    </ClInclude>
    <ClInclude Include="Win32\CBDriverWin32.h">
      <Filter>Header Files</Filter>
    </ClInclude>
    <ClInclude Include="Cocoa\CBDriverCocoa.h">
      <Filter>Cocoa</Filter>
    </ClInclude>
    <ClInclude Include="Cocoa\CocoaIntf.h">
      <Filter>Cocoa</Filter>
    </ClInclude>
    <ClInclude Include="GTK\CBDriverGTK.h">
      <Filter>GTK</Filter>
    </ClInclude>
  </ItemGroup>
</Project>